// !$*UTF8*$!
{
	archiveVersion = 1;
	classes = {
	};
	objectVersion = 56;
	objects = {

/* Begin PBXBuildFile section */
		292BC74A2D0FF27800D035A4 /* ErrorResponse.swift in Sources */ = {isa = PBXBuildFile; fileRef = 292BC7492D0FF27800D035A4 /* ErrorResponse.swift */; };
		292BC74C2D0FF2BC00D035A4 /* SuccessResponse.swift in Sources */ = {isa = PBXBuildFile; fileRef = 292BC74B2D0FF2BC00D035A4 /* SuccessResponse.swift */; };
		2971826E2D03B51E00D5D581 /* RegistrarUsuarioViewController.swift in Sources */ = {isa = PBXBuildFile; fileRef = 2971826D2D03B51E00D5D581 /* RegistrarUsuarioViewController.swift */; };
		297182722D03B8B900D5D581 /* Pelicula.swift in Sources */ = {isa = PBXBuildFile; fileRef = 297182712D03B8B900D5D581 /* Pelicula.swift */; };
		297182742D03B8C600D5D581 /* Genero.swift in Sources */ = {isa = PBXBuildFile; fileRef = 297182732D03B8C600D5D581 /* Genero.swift */; };
		297182762D03B8D700D5D581 /* Usuario.swift in Sources */ = {isa = PBXBuildFile; fileRef = 297182752D03B8D700D5D581 /* Usuario.swift */; };
		297182782D03B9BB00D5D581 /* MenuPrincipalViewController.swift in Sources */ = {isa = PBXBuildFile; fileRef = 297182772D03B9BB00D5D581 /* MenuPrincipalViewController.swift */; };
		2971827A2D03BA8600D5D581 /* RegistrarPeliculaViewController.swift in Sources */ = {isa = PBXBuildFile; fileRef = 297182792D03BA8600D5D581 /* RegistrarPeliculaViewController.swift */; };
		2971827E2D03BACF00D5D581 /* RegistrarGeneroViewController.swift in Sources */ = {isa = PBXBuildFile; fileRef = 2971827D2D03BACF00D5D581 /* RegistrarGeneroViewController.swift */; };
		297182802D03BB7D00D5D581 /* DetallePeliculaViewController.swift in Sources */ = {isa = PBXBuildFile; fileRef = 2971827F2D03BB7D00D5D581 /* DetallePeliculaViewController.swift */; };
		297182822D03BB9A00D5D581 /* DetalleGeneroViewController.swift in Sources */ = {isa = PBXBuildFile; fileRef = 297182812D03BB9A00D5D581 /* DetalleGeneroViewController.swift */; };
		297182842D03BC2B00D5D581 /* ListarGeneroViewController.swift in Sources */ = {isa = PBXBuildFile; fileRef = 297182832D03BC2B00D5D581 /* ListarGeneroViewController.swift */; };
		297182862D03BDA800D5D581 /* ItemGeneroTableViewCell.swift in Sources */ = {isa = PBXBuildFile; fileRef = 297182852D03BDA800D5D581 /* ItemGeneroTableViewCell.swift */; };
		2977BFF32D069C0200609CF5 /* ListarPeliculaViewController.swift in Sources */ = {isa = PBXBuildFile; fileRef = 2977BFF22D069C0200609CF5 /* ListarPeliculaViewController.swift */; };
		2977BFF72D069FA900609CF5 /* ItemPeliculaCollectionViewCell.swift in Sources */ = {isa = PBXBuildFile; fileRef = 2977BFF62D069FA900609CF5 /* ItemPeliculaCollectionViewCell.swift */; };
		29B21B682D0F506700547BA9 /* GoogleService-Info.plist in Resources */ = {isa = PBXBuildFile; fileRef = 29B21B672D0F506700547BA9 /* GoogleService-Info.plist */; };
		7DBAAFDD9F272FB7BC35F15D /* Pods_CineGriff.framework in Frameworks */ = {isa = PBXBuildFile; fileRef = A19028B90775A746A2A0B2DE /* Pods_CineGriff.framework */; };
		B72A51422D01143600A9627B /* AppDelegate.swift in Sources */ = {isa = PBXBuildFile; fileRef = B72A51412D01143600A9627B /* AppDelegate.swift */; };
		B72A51442D01143600A9627B /* SceneDelegate.swift in Sources */ = {isa = PBXBuildFile; fileRef = B72A51432D01143600A9627B /* SceneDelegate.swift */; };
		B72A51462D01143600A9627B /* ViewController.swift in Sources */ = {isa = PBXBuildFile; fileRef = B72A51452D01143600A9627B /* ViewController.swift */; };
		B72A51492D01143600A9627B /* Main.storyboard in Resources */ = {isa = PBXBuildFile; fileRef = B72A51472D01143600A9627B /* Main.storyboard */; };
		B72A514C2D01143600A9627B /* CineGriff.xcdatamodeld in Sources */ = {isa = PBXBuildFile; fileRef = B72A514A2D01143600A9627B /* CineGriff.xcdatamodeld */; };
		B72A514E2D01143800A9627B /* Assets.xcassets in Resources */ = {isa = PBXBuildFile; fileRef = B72A514D2D01143800A9627B /* Assets.xcassets */; };
		B72A51512D01143800A9627B /* LaunchScreen.storyboard in Resources */ = {isa = PBXBuildFile; fileRef = B72A514F2D01143800A9627B /* LaunchScreen.storyboard */; };
		B73BDFF52D10D62D008236AF /* RegistrarGeneroUIStyling.swift in Sources */ = {isa = PBXBuildFile; fileRef = B73BDFF42D10D62D008236AF /* RegistrarGeneroUIStyling.swift */; };
		B73BDFF72D10DA56008236AF /* DetalleGeneroUIStyling.swift in Sources */ = {isa = PBXBuildFile; fileRef = B73BDFF62D10DA56008236AF /* DetalleGeneroUIStyling.swift */; };
		B73BDFFB2D10DB29008236AF /* RegistrarPeliculaUIStyling.swift in Sources */ = {isa = PBXBuildFile; fileRef = B73BDFFA2D10DB29008236AF /* RegistrarPeliculaUIStyling.swift */; };
		B73BE0012D10E09D008236AF /* Goat.swift in Sources */ = {isa = PBXBuildFile; fileRef = B73BE0002D10E09D008236AF /* Goat.swift */; };
		B73BE0032D10E231008236AF /* GoatViewController.swift in Sources */ = {isa = PBXBuildFile; fileRef = B73BE0022D10E231008236AF /* GoatViewController.swift */; };
		B73BE0052D10E3DE008236AF /* ItemGoatTableViewCell.swift in Sources */ = {isa = PBXBuildFile; fileRef = B73BE0042D10E3DE008236AF /* ItemGoatTableViewCell.swift */; };
		B73BE0072D10EAF0008236AF /* ControladorGoat.swift in Sources */ = {isa = PBXBuildFile; fileRef = B73BE0062D10EAF0008236AF /* ControladorGoat.swift */; };
		B73BE0092D10EB12008236AF /* PMetodos.swift in Sources */ = {isa = PBXBuildFile; fileRef = B73BE0082D10EB12008236AF /* PMetodos.swift */; };
		DC8F747E2D04FD880095BE9A /* RegistrarUsuarioUIStyling.swift in Sources */ = {isa = PBXBuildFile; fileRef = DC8F747D2D04FD880095BE9A /* RegistrarUsuarioUIStyling.swift */; };
		DC8F74802D0510310095BE9A /* LoginUsuarioUIStyling.swift in Sources */ = {isa = PBXBuildFile; fileRef = DC8F747F2D0510310095BE9A /* LoginUsuarioUIStyling.swift */; };
/* End PBXBuildFile section */

/* Begin PBXFileReference section */
		292BC7492D0FF27800D035A4 /* ErrorResponse.swift */ = {isa = PBXFileReference; lastKnownFileType = sourcecode.swift; path = ErrorResponse.swift; sourceTree = "<group>"; };
		292BC74B2D0FF2BC00D035A4 /* SuccessResponse.swift */ = {isa = PBXFileReference; lastKnownFileType = sourcecode.swift; path = SuccessResponse.swift; sourceTree = "<group>"; };
		2971826D2D03B51E00D5D581 /* RegistrarUsuarioViewController.swift */ = {isa = PBXFileReference; lastKnownFileType = sourcecode.swift; path = RegistrarUsuarioViewController.swift; sourceTree = "<group>"; };
		297182712D03B8B900D5D581 /* Pelicula.swift */ = {isa = PBXFileReference; lastKnownFileType = sourcecode.swift; path = Pelicula.swift; sourceTree = "<group>"; };
		297182732D03B8C600D5D581 /* Genero.swift */ = {isa = PBXFileReference; lastKnownFileType = sourcecode.swift; path = Genero.swift; sourceTree = "<group>"; };
		297182752D03B8D700D5D581 /* Usuario.swift */ = {isa = PBXFileReference; lastKnownFileType = sourcecode.swift; path = Usuario.swift; sourceTree = "<group>"; };
		297182772D03B9BB00D5D581 /* MenuPrincipalViewController.swift */ = {isa = PBXFileReference; lastKnownFileType = sourcecode.swift; path = MenuPrincipalViewController.swift; sourceTree = "<group>"; };
		297182792D03BA8600D5D581 /* RegistrarPeliculaViewController.swift */ = {isa = PBXFileReference; lastKnownFileType = sourcecode.swift; path = RegistrarPeliculaViewController.swift; sourceTree = "<group>"; };
		2971827D2D03BACF00D5D581 /* RegistrarGeneroViewController.swift */ = {isa = PBXFileReference; lastKnownFileType = sourcecode.swift; path = RegistrarGeneroViewController.swift; sourceTree = "<group>"; };
		2971827F2D03BB7D00D5D581 /* DetallePeliculaViewController.swift */ = {isa = PBXFileReference; lastKnownFileType = sourcecode.swift; path = DetallePeliculaViewController.swift; sourceTree = "<group>"; };
		297182812D03BB9A00D5D581 /* DetalleGeneroViewController.swift */ = {isa = PBXFileReference; lastKnownFileType = sourcecode.swift; path = DetalleGeneroViewController.swift; sourceTree = "<group>"; };
		297182832D03BC2B00D5D581 /* ListarGeneroViewController.swift */ = {isa = PBXFileReference; lastKnownFileType = sourcecode.swift; path = ListarGeneroViewController.swift; sourceTree = "<group>"; };
		297182852D03BDA800D5D581 /* ItemGeneroTableViewCell.swift */ = {isa = PBXFileReference; lastKnownFileType = sourcecode.swift; path = ItemGeneroTableViewCell.swift; sourceTree = "<group>"; };
		2977BFF22D069C0200609CF5 /* ListarPeliculaViewController.swift */ = {isa = PBXFileReference; lastKnownFileType = sourcecode.swift; path = ListarPeliculaViewController.swift; sourceTree = "<group>"; };
		2977BFF62D069FA900609CF5 /* ItemPeliculaCollectionViewCell.swift */ = {isa = PBXFileReference; lastKnownFileType = sourcecode.swift; path = ItemPeliculaCollectionViewCell.swift; sourceTree = "<group>"; };
		29B21B672D0F506700547BA9 /* GoogleService-Info.plist */ = {isa = PBXFileReference; fileEncoding = 4; lastKnownFileType = text.plist.xml; path = "GoogleService-Info.plist"; sourceTree = "<group>"; };
		A19028B90775A746A2A0B2DE /* Pods_CineGriff.framework */ = {isa = PBXFileReference; explicitFileType = wrapper.framework; includeInIndex = 0; path = Pods_CineGriff.framework; sourceTree = BUILT_PRODUCTS_DIR; };
		B72A513E2D01143600A9627B /* CineGriff.app */ = {isa = PBXFileReference; explicitFileType = wrapper.application; includeInIndex = 0; path = CineGriff.app; sourceTree = BUILT_PRODUCTS_DIR; };
		B72A51412D01143600A9627B /* AppDelegate.swift */ = {isa = PBXFileReference; lastKnownFileType = sourcecode.swift; path = AppDelegate.swift; sourceTree = "<group>"; };
		B72A51432D01143600A9627B /* SceneDelegate.swift */ = {isa = PBXFileReference; lastKnownFileType = sourcecode.swift; path = SceneDelegate.swift; sourceTree = "<group>"; };
		B72A51452D01143600A9627B /* ViewController.swift */ = {isa = PBXFileReference; lastKnownFileType = sourcecode.swift; path = ViewController.swift; sourceTree = "<group>"; };
		B72A51482D01143600A9627B /* Base */ = {isa = PBXFileReference; lastKnownFileType = file.storyboard; name = Base; path = Base.lproj/Main.storyboard; sourceTree = "<group>"; };
		B72A514B2D01143600A9627B /* CineGriff.xcdatamodel */ = {isa = PBXFileReference; lastKnownFileType = wrapper.xcdatamodel; path = CineGriff.xcdatamodel; sourceTree = "<group>"; };
		B72A514D2D01143800A9627B /* Assets.xcassets */ = {isa = PBXFileReference; lastKnownFileType = folder.assetcatalog; path = Assets.xcassets; sourceTree = "<group>"; };
		B72A51502D01143800A9627B /* Base */ = {isa = PBXFileReference; lastKnownFileType = file.storyboard; name = Base; path = Base.lproj/LaunchScreen.storyboard; sourceTree = "<group>"; };
		B72A51522D01143800A9627B /* Info.plist */ = {isa = PBXFileReference; lastKnownFileType = text.plist.xml; path = Info.plist; sourceTree = "<group>"; };
		B73BDFF42D10D62D008236AF /* RegistrarGeneroUIStyling.swift */ = {isa = PBXFileReference; lastKnownFileType = sourcecode.swift; path = RegistrarGeneroUIStyling.swift; sourceTree = "<group>"; };
		B73BDFF62D10DA56008236AF /* DetalleGeneroUIStyling.swift */ = {isa = PBXFileReference; lastKnownFileType = sourcecode.swift; path = DetalleGeneroUIStyling.swift; sourceTree = "<group>"; };
		B73BDFFA2D10DB29008236AF /* RegistrarPeliculaUIStyling.swift */ = {isa = PBXFileReference; lastKnownFileType = sourcecode.swift; path = RegistrarPeliculaUIStyling.swift; sourceTree = "<group>"; };
		B73BE0002D10E09D008236AF /* Goat.swift */ = {isa = PBXFileReference; lastKnownFileType = sourcecode.swift; path = Goat.swift; sourceTree = "<group>"; };
		B73BE0022D10E231008236AF /* GoatViewController.swift */ = {isa = PBXFileReference; lastKnownFileType = sourcecode.swift; path = GoatViewController.swift; sourceTree = "<group>"; };
		B73BE0042D10E3DE008236AF /* ItemGoatTableViewCell.swift */ = {isa = PBXFileReference; lastKnownFileType = sourcecode.swift; path = ItemGoatTableViewCell.swift; sourceTree = "<group>"; };
		B73BE0062D10EAF0008236AF /* ControladorGoat.swift */ = {isa = PBXFileReference; lastKnownFileType = sourcecode.swift; path = ControladorGoat.swift; sourceTree = "<group>"; };
		B73BE0082D10EB12008236AF /* PMetodos.swift */ = {isa = PBXFileReference; lastKnownFileType = sourcecode.swift; path = PMetodos.swift; sourceTree = "<group>"; };
		D03EAA80856FB3DE8C4AA5B7 /* Pods-CineGriff.release.xcconfig */ = {isa = PBXFileReference; includeInIndex = 1; lastKnownFileType = text.xcconfig; name = "Pods-CineGriff.release.xcconfig"; path = "Target Support Files/Pods-CineGriff/Pods-CineGriff.release.xcconfig"; sourceTree = "<group>"; };
		DC8F747D2D04FD880095BE9A /* RegistrarUsuarioUIStyling.swift */ = {isa = PBXFileReference; lastKnownFileType = sourcecode.swift; path = RegistrarUsuarioUIStyling.swift; sourceTree = "<group>"; };
		DC8F747F2D0510310095BE9A /* LoginUsuarioUIStyling.swift */ = {isa = PBXFileReference; lastKnownFileType = sourcecode.swift; path = LoginUsuarioUIStyling.swift; sourceTree = "<group>"; };
		E86B0011CCE626AA29054CA2 /* Pods-CineGriff.debug.xcconfig */ = {isa = PBXFileReference; includeInIndex = 1; lastKnownFileType = text.xcconfig; name = "Pods-CineGriff.debug.xcconfig"; path = "Target Support Files/Pods-CineGriff/Pods-CineGriff.debug.xcconfig"; sourceTree = "<group>"; };
/* End PBXFileReference section */

/* Begin PBXFrameworksBuildPhase section */
		B72A513B2D01143600A9627B /* Frameworks */ = {
			isa = PBXFrameworksBuildPhase;
			buildActionMask = 2147483647;
			files = (
				7DBAAFDD9F272FB7BC35F15D /* Pods_CineGriff.framework in Frameworks */,
			);
			runOnlyForDeploymentPostprocessing = 0;
		};
/* End PBXFrameworksBuildPhase section */

/* Begin PBXGroup section */
		2971826F2D03B89800D5D581 /* api */ = {
			isa = PBXGroup;
			children = (
				297182712D03B8B900D5D581 /* Pelicula.swift */,
				297182732D03B8C600D5D581 /* Genero.swift */,
				297182752D03B8D700D5D581 /* Usuario.swift */,
				297182772D03B9BB00D5D581 /* MenuPrincipalViewController.swift */,
				297182792D03BA8600D5D581 /* RegistrarPeliculaViewController.swift */,
				2971827D2D03BACF00D5D581 /* RegistrarGeneroViewController.swift */,
				2971827F2D03BB7D00D5D581 /* DetallePeliculaViewController.swift */,
				297182812D03BB9A00D5D581 /* DetalleGeneroViewController.swift */,
				297182832D03BC2B00D5D581 /* ListarGeneroViewController.swift */,
				297182852D03BDA800D5D581 /* ItemGeneroTableViewCell.swift */,
				2977BFF22D069C0200609CF5 /* ListarPeliculaViewController.swift */,
				2977BFF62D069FA900609CF5 /* ItemPeliculaCollectionViewCell.swift */,
				292BC7492D0FF27800D035A4 /* ErrorResponse.swift */,
				292BC74B2D0FF2BC00D035A4 /* SuccessResponse.swift */,
			);
			path = api;
			sourceTree = "<group>";
		};
		8467CDDDCE144E96DC5798AC /* Frameworks */ = {
			isa = PBXGroup;
			children = (
				A19028B90775A746A2A0B2DE /* Pods_CineGriff.framework */,
			);
			name = Frameworks;
			sourceTree = "<group>";
		};
		A783032E0D55E484CDB34B7B /* Pods */ = {
			isa = PBXGroup;
			children = (
				E86B0011CCE626AA29054CA2 /* Pods-CineGriff.debug.xcconfig */,
				D03EAA80856FB3DE8C4AA5B7 /* Pods-CineGriff.release.xcconfig */,
			);
			path = Pods;
			sourceTree = "<group>";
		};
		B72A51352D01143600A9627B = {
			isa = PBXGroup;
			children = (
				B72A51402D01143600A9627B /* CineGriff */,
				B72A513F2D01143600A9627B /* Products */,
				A783032E0D55E484CDB34B7B /* Pods */,
				8467CDDDCE144E96DC5798AC /* Frameworks */,
			);
			sourceTree = "<group>";
		};
		B72A513F2D01143600A9627B /* Products */ = {
			isa = PBXGroup;
			children = (
				B72A513E2D01143600A9627B /* CineGriff.app */,
			);
			name = Products;
			sourceTree = "<group>";
		};
		B72A51402D01143600A9627B /* CineGriff */ = {
			isa = PBXGroup;
			children = (
				B73BDFFC2D10DFAE008236AF /* coredata */,
				29B21B672D0F506700547BA9 /* GoogleService-Info.plist */,
				DC8F747C2D04FD590095BE9A /* styles */,
				2971826F2D03B89800D5D581 /* api */,
				B72A51412D01143600A9627B /* AppDelegate.swift */,
				B72A51432D01143600A9627B /* SceneDelegate.swift */,
				B72A51452D01143600A9627B /* ViewController.swift */,
				2971826D2D03B51E00D5D581 /* RegistrarUsuarioViewController.swift */,
				B72A51472D01143600A9627B /* Main.storyboard */,
				B72A514D2D01143800A9627B /* Assets.xcassets */,
				B72A514F2D01143800A9627B /* LaunchScreen.storyboard */,
				B72A51522D01143800A9627B /* Info.plist */,
				B72A514A2D01143600A9627B /* CineGriff.xcdatamodeld */,
			);
			path = CineGriff;
			sourceTree = "<group>";
		};
		B73BDFFC2D10DFAE008236AF /* coredata */ = {
			isa = PBXGroup;
			children = (
				B73BE0002D10E09D008236AF /* Goat.swift */,
				B73BE0022D10E231008236AF /* GoatViewController.swift */,
				B73BE0042D10E3DE008236AF /* ItemGoatTableViewCell.swift */,
				B73BE0062D10EAF0008236AF /* ControladorGoat.swift */,
				B73BE0082D10EB12008236AF /* PMetodos.swift */,
			);
			path = coredata;
			sourceTree = "<group>";
		};
		DC8F747C2D04FD590095BE9A /* styles */ = {
			isa = PBXGroup;
			children = (
				DC8F747D2D04FD880095BE9A /* RegistrarUsuarioUIStyling.swift */,
				DC8F747F2D0510310095BE9A /* LoginUsuarioUIStyling.swift */,
				B73BDFF42D10D62D008236AF /* RegistrarGeneroUIStyling.swift */,
				B73BDFF62D10DA56008236AF /* DetalleGeneroUIStyling.swift */,
				B73BDFFA2D10DB29008236AF /* RegistrarPeliculaUIStyling.swift */,
			);
			path = styles;
			sourceTree = "<group>";
		};
/* End PBXGroup section */

/* Begin PBXNativeTarget section */
		B72A513D2D01143600A9627B /* CineGriff */ = {
			isa = PBXNativeTarget;
			buildConfigurationList = B72A51552D01143800A9627B /* Build configuration list for PBXNativeTarget "CineGriff" */;
			buildPhases = (
				7A23A820138D3D6BE3927A6F /* [CP] Check Pods Manifest.lock */,
				B72A513A2D01143600A9627B /* Sources */,
				B72A513B2D01143600A9627B /* Frameworks */,
				B72A513C2D01143600A9627B /* Resources */,
				C999C1EAB59787CB21AD0CF7 /* [CP] Embed Pods Frameworks */,
			);
			buildRules = (
			);
			dependencies = (
			);
			name = CineGriff;
			productName = CineGriff;
			productReference = B72A513E2D01143600A9627B /* CineGriff.app */;
			productType = "com.apple.product-type.application";
		};
/* End PBXNativeTarget section */

/* Begin PBXProject section */
		B72A51362D01143600A9627B /* Project object */ = {
			isa = PBXProject;
			attributes = {
				BuildIndependentTargetsInParallel = 1;
				LastSwiftUpdateCheck = 1520;
				LastUpgradeCheck = 1520;
				TargetAttributes = {
					B72A513D2D01143600A9627B = {
						CreatedOnToolsVersion = 15.2;
						LastSwiftMigration = 1520;
					};
				};
			};
			buildConfigurationList = B72A51392D01143600A9627B /* Build configuration list for PBXProject "CineGriff" */;
			compatibilityVersion = "Xcode 14.0";
			developmentRegion = en;
			hasScannedForEncodings = 0;
			knownRegions = (
				en,
				Base,
			);
			mainGroup = B72A51352D01143600A9627B;
			productRefGroup = B72A513F2D01143600A9627B /* Products */;
			projectDirPath = "";
			projectRoot = "";
			targets = (
				B72A513D2D01143600A9627B /* CineGriff */,
			);
		};
/* End PBXProject section */

/* Begin PBXResourcesBuildPhase section */
		B72A513C2D01143600A9627B /* Resources */ = {
			isa = PBXResourcesBuildPhase;
			buildActionMask = 2147483647;
			files = (
				B72A51512D01143800A9627B /* LaunchScreen.storyboard in Resources */,
				29B21B682D0F506700547BA9 /* GoogleService-Info.plist in Resources */,
				B72A514E2D01143800A9627B /* Assets.xcassets in Resources */,
				B72A51492D01143600A9627B /* Main.storyboard in Resources */,
			);
			runOnlyForDeploymentPostprocessing = 0;
		};
/* End PBXResourcesBuildPhase section */

/* Begin PBXShellScriptBuildPhase section */
		7A23A820138D3D6BE3927A6F /* [CP] Check Pods Manifest.lock */ = {
			isa = PBXShellScriptBuildPhase;
			buildActionMask = 2147483647;
			files = (
			);
			inputFileListPaths = (
			);
			inputPaths = (
				"${PODS_PODFILE_DIR_PATH}/Podfile.lock",
				"${PODS_ROOT}/Manifest.lock",
			);
			name = "[CP] Check Pods Manifest.lock";
			outputFileListPaths = (
			);
			outputPaths = (
				"$(DERIVED_FILE_DIR)/Pods-CineGriff-checkManifestLockResult.txt",
			);
			runOnlyForDeploymentPostprocessing = 0;
			shellPath = /bin/sh;
			shellScript = "diff \"${PODS_PODFILE_DIR_PATH}/Podfile.lock\" \"${PODS_ROOT}/Manifest.lock\" > /dev/null\nif [ $? != 0 ] ; then\n    # print error to STDERR\n    echo \"error: The sandbox is not in sync with the Podfile.lock. Run 'pod install' or update your CocoaPods installation.\" >&2\n    exit 1\nfi\n# This output is used by Xcode 'outputs' to avoid re-running this script phase.\necho \"SUCCESS\" > \"${SCRIPT_OUTPUT_FILE_0}\"\n";
			showEnvVarsInLog = 0;
		};
		C999C1EAB59787CB21AD0CF7 /* [CP] Embed Pods Frameworks */ = {
			isa = PBXShellScriptBuildPhase;
			buildActionMask = 2147483647;
			files = (
			);
			inputFileListPaths = (
				"${PODS_ROOT}/Target Support Files/Pods-CineGriff/Pods-CineGriff-frameworks-${CONFIGURATION}-input-files.xcfilelist",
			);
			name = "[CP] Embed Pods Frameworks";
			outputFileListPaths = (
				"${PODS_ROOT}/Target Support Files/Pods-CineGriff/Pods-CineGriff-frameworks-${CONFIGURATION}-output-files.xcfilelist",
			);
			runOnlyForDeploymentPostprocessing = 0;
			shellPath = /bin/sh;
			shellScript = "\"${PODS_ROOT}/Target Support Files/Pods-CineGriff/Pods-CineGriff-frameworks.sh\"\n";
			showEnvVarsInLog = 0;
		};
/* End PBXShellScriptBuildPhase section */

/* Begin PBXSourcesBuildPhase section */
		B72A513A2D01143600A9627B /* Sources */ = {
			isa = PBXSourcesBuildPhase;
			buildActionMask = 2147483647;
			files = (
				2977BFF72D069FA900609CF5 /* ItemPeliculaCollectionViewCell.swift in Sources */,
				B73BE0092D10EB12008236AF /* PMetodos.swift in Sources */,
				B73BE0032D10E231008236AF /* GoatViewController.swift in Sources */,
				292BC74C2D0FF2BC00D035A4 /* SuccessResponse.swift in Sources */,
				B73BDFFB2D10DB29008236AF /* RegistrarPeliculaUIStyling.swift in Sources */,
				B73BE0052D10E3DE008236AF /* ItemGoatTableViewCell.swift in Sources */,
				B73BDFF52D10D62D008236AF /* RegistrarGeneroUIStyling.swift in Sources */,
				DC8F74802D0510310095BE9A /* LoginUsuarioUIStyling.swift in Sources */,
				B73BE0012D10E09D008236AF /* Goat.swift in Sources */,
				B73BDFF72D10DA56008236AF /* DetalleGeneroUIStyling.swift in Sources */,
				2971827E2D03BACF00D5D581 /* RegistrarGeneroViewController.swift in Sources */,
				297182762D03B8D700D5D581 /* Usuario.swift in Sources */,
				297182782D03B9BB00D5D581 /* MenuPrincipalViewController.swift in Sources */,
				297182802D03BB7D00D5D581 /* DetallePeliculaViewController.swift in Sources */,
				297182722D03B8B900D5D581 /* Pelicula.swift in Sources */,
				B72A51462D01143600A9627B /* ViewController.swift in Sources */,
				2971826E2D03B51E00D5D581 /* RegistrarUsuarioViewController.swift in Sources */,
				2971827A2D03BA8600D5D581 /* RegistrarPeliculaViewController.swift in Sources */,
				297182842D03BC2B00D5D581 /* ListarGeneroViewController.swift in Sources */,
				B72A51422D01143600A9627B /* AppDelegate.swift in Sources */,
				B72A51442D01143600A9627B /* SceneDelegate.swift in Sources */,
				2977BFF32D069C0200609CF5 /* ListarPeliculaViewController.swift in Sources */,
				B72A514C2D01143600A9627B /* CineGriff.xcdatamodeld in Sources */,
				292BC74A2D0FF27800D035A4 /* ErrorResponse.swift in Sources */,
				297182742D03B8C600D5D581 /* Genero.swift in Sources */,
				DC8F747E2D04FD880095BE9A /* RegistrarUsuarioUIStyling.swift in Sources */,
				297182862D03BDA800D5D581 /* ItemGeneroTableViewCell.swift in Sources */,
				B73BE0072D10EAF0008236AF /* ControladorGoat.swift in Sources */,
				297182822D03BB9A00D5D581 /* DetalleGeneroViewController.swift in Sources */,
			);
			runOnlyForDeploymentPostprocessing = 0;
		};
/* End PBXSourcesBuildPhase section */

/* Begin PBXVariantGroup section */
		B72A51472D01143600A9627B /* Main.storyboard */ = {
			isa = PBXVariantGroup;
			children = (
				B72A51482D01143600A9627B /* Base */,
			);
			name = Main.storyboard;
			sourceTree = "<group>";
		};
		B72A514F2D01143800A9627B /* LaunchScreen.storyboard */ = {
			isa = PBXVariantGroup;
			children = (
				B72A51502D01143800A9627B /* Base */,
			);
			name = LaunchScreen.storyboard;
			sourceTree = "<group>";
		};
/* End PBXVariantGroup section */

/* Begin XCBuildConfiguration section */
		B72A51532D01143800A9627B /* Debug */ = {
			isa = XCBuildConfiguration;
			buildSettings = {
				ALWAYS_SEARCH_USER_PATHS = NO;
				ASSETCATALOG_COMPILER_GENERATE_SWIFT_ASSET_SYMBOL_EXTENSIONS = YES;
				CLANG_ANALYZER_NONNULL = YES;
				CLANG_ANALYZER_NUMBER_OBJECT_CONVERSION = YES_AGGRESSIVE;
				CLANG_CXX_LANGUAGE_STANDARD = "gnu++20";
				CLANG_ENABLE_MODULES = YES;
				CLANG_ENABLE_OBJC_ARC = YES;
				CLANG_ENABLE_OBJC_WEAK = YES;
				CLANG_WARN_BLOCK_CAPTURE_AUTORELEASING = YES;
				CLANG_WARN_BOOL_CONVERSION = YES;
				CLANG_WARN_COMMA = YES;
				CLANG_WARN_CONSTANT_CONVERSION = YES;
				CLANG_WARN_DEPRECATED_OBJC_IMPLEMENTATIONS = YES;
				CLANG_WARN_DIRECT_OBJC_ISA_USAGE = YES_ERROR;
				CLANG_WARN_DOCUMENTATION_COMMENTS = YES;
				CLANG_WARN_EMPTY_BODY = YES;
				CLANG_WARN_ENUM_CONVERSION = YES;
				CLANG_WARN_INFINITE_RECURSION = YES;
				CLANG_WARN_INT_CONVERSION = YES;
				CLANG_WARN_NON_LITERAL_NULL_CONVERSION = YES;
				CLANG_WARN_OBJC_IMPLICIT_RETAIN_SELF = YES;
				CLANG_WARN_OBJC_LITERAL_CONVERSION = YES;
				CLANG_WARN_OBJC_ROOT_CLASS = YES_ERROR;
				CLANG_WARN_QUOTED_INCLUDE_IN_FRAMEWORK_HEADER = YES;
				CLANG_WARN_RANGE_LOOP_ANALYSIS = YES;
				CLANG_WARN_STRICT_PROTOTYPES = YES;
				CLANG_WARN_SUSPICIOUS_MOVE = YES;
				CLANG_WARN_UNGUARDED_AVAILABILITY = YES_AGGRESSIVE;
				CLANG_WARN_UNREACHABLE_CODE = YES;
				CLANG_WARN__DUPLICATE_METHOD_MATCH = YES;
				COPY_PHASE_STRIP = NO;
				DEBUG_INFORMATION_FORMAT = dwarf;
				ENABLE_STRICT_OBJC_MSGSEND = YES;
				ENABLE_TESTABILITY = YES;
				ENABLE_USER_SCRIPT_SANDBOXING = NO;
				GCC_C_LANGUAGE_STANDARD = gnu17;
				GCC_DYNAMIC_NO_PIC = NO;
				GCC_NO_COMMON_BLOCKS = YES;
				GCC_OPTIMIZATION_LEVEL = 0;
				GCC_PREPROCESSOR_DEFINITIONS = (
					"DEBUG=1",
					"$(inherited)",
				);
				GCC_WARN_64_TO_32_BIT_CONVERSION = YES;
				GCC_WARN_ABOUT_RETURN_TYPE = YES_ERROR;
				GCC_WARN_UNDECLARED_SELECTOR = YES;
				GCC_WARN_UNINITIALIZED_AUTOS = YES_AGGRESSIVE;
				GCC_WARN_UNUSED_FUNCTION = YES;
				GCC_WARN_UNUSED_VARIABLE = YES;
				IPHONEOS_DEPLOYMENT_TARGET = 17.2;
				LOCALIZATION_PREFERS_STRING_CATALOGS = YES;
				MTL_ENABLE_DEBUG_INFO = INCLUDE_SOURCE;
				MTL_FAST_MATH = YES;
				ONLY_ACTIVE_ARCH = YES;
				SDKROOT = iphoneos;
				SWIFT_ACTIVE_COMPILATION_CONDITIONS = "DEBUG $(inherited)";
				SWIFT_OPTIMIZATION_LEVEL = "-Onone";
			};
			name = Debug;
		};
		B72A51542D01143800A9627B /* Release */ = {
			isa = XCBuildConfiguration;
			buildSettings = {
				ALWAYS_SEARCH_USER_PATHS = NO;
				ASSETCATALOG_COMPILER_GENERATE_SWIFT_ASSET_SYMBOL_EXTENSIONS = YES;
				CLANG_ANALYZER_NONNULL = YES;
				CLANG_ANALYZER_NUMBER_OBJECT_CONVERSION = YES_AGGRESSIVE;
				CLANG_CXX_LANGUAGE_STANDARD = "gnu++20";
				CLANG_ENABLE_MODULES = YES;
				CLANG_ENABLE_OBJC_ARC = YES;
				CLANG_ENABLE_OBJC_WEAK = YES;
				CLANG_WARN_BLOCK_CAPTURE_AUTORELEASING = YES;
				CLANG_WARN_BOOL_CONVERSION = YES;
				CLANG_WARN_COMMA = YES;
				CLANG_WARN_CONSTANT_CONVERSION = YES;
				CLANG_WARN_DEPRECATED_OBJC_IMPLEMENTATIONS = YES;
				CLANG_WARN_DIRECT_OBJC_ISA_USAGE = YES_ERROR;
				CLANG_WARN_DOCUMENTATION_COMMENTS = YES;
				CLANG_WARN_EMPTY_BODY = YES;
				CLANG_WARN_ENUM_CONVERSION = YES;
				CLANG_WARN_INFINITE_RECURSION = YES;
				CLANG_WARN_INT_CONVERSION = YES;
				CLANG_WARN_NON_LITERAL_NULL_CONVERSION = YES;
				CLANG_WARN_OBJC_IMPLICIT_RETAIN_SELF = YES;
				CLANG_WARN_OBJC_LITERAL_CONVERSION = YES;
				CLANG_WARN_OBJC_ROOT_CLASS = YES_ERROR;
				CLANG_WARN_QUOTED_INCLUDE_IN_FRAMEWORK_HEADER = YES;
				CLANG_WARN_RANGE_LOOP_ANALYSIS = YES;
				CLANG_WARN_STRICT_PROTOTYPES = YES;
				CLANG_WARN_SUSPICIOUS_MOVE = YES;
				CLANG_WARN_UNGUARDED_AVAILABILITY = YES_AGGRESSIVE;
				CLANG_WARN_UNREACHABLE_CODE = YES;
				CLANG_WARN__DUPLICATE_METHOD_MATCH = YES;
				COPY_PHASE_STRIP = NO;
				DEBUG_INFORMATION_FORMAT = "dwarf-with-dsym";
				ENABLE_NS_ASSERTIONS = NO;
				ENABLE_STRICT_OBJC_MSGSEND = YES;
				ENABLE_USER_SCRIPT_SANDBOXING = NO;
				GCC_C_LANGUAGE_STANDARD = gnu17;
				GCC_NO_COMMON_BLOCKS = YES;
				GCC_WARN_64_TO_32_BIT_CONVERSION = YES;
				GCC_WARN_ABOUT_RETURN_TYPE = YES_ERROR;
				GCC_WARN_UNDECLARED_SELECTOR = YES;
				GCC_WARN_UNINITIALIZED_AUTOS = YES_AGGRESSIVE;
				GCC_WARN_UNUSED_FUNCTION = YES;
				GCC_WARN_UNUSED_VARIABLE = YES;
				IPHONEOS_DEPLOYMENT_TARGET = 17.2;
				LOCALIZATION_PREFERS_STRING_CATALOGS = YES;
				MTL_ENABLE_DEBUG_INFO = NO;
				MTL_FAST_MATH = YES;
				SDKROOT = iphoneos;
				SWIFT_COMPILATION_MODE = wholemodule;
				VALIDATE_PRODUCT = YES;
			};
			name = Release;
		};
		B72A51562D01143800A9627B /* Debug */ = {
			isa = XCBuildConfiguration;
			baseConfigurationReference = E86B0011CCE626AA29054CA2 /* Pods-CineGriff.debug.xcconfig */;
			buildSettings = {
				ASSETCATALOG_COMPILER_APPICON_NAME = AppIcon;
				ASSETCATALOG_COMPILER_GLOBAL_ACCENT_COLOR_NAME = AccentColor;
				CLANG_ENABLE_MODULES = YES;
				CODE_SIGN_STYLE = Automatic;
				CURRENT_PROJECT_VERSION = 1;
				GENERATE_INFOPLIST_FILE = YES;
				INFOPLIST_FILE = CineGriff/Info.plist;
				INFOPLIST_KEY_UIApplicationSupportsIndirectInputEvents = YES;
				INFOPLIST_KEY_UILaunchStoryboardName = LaunchScreen;
				INFOPLIST_KEY_UIMainStoryboardFile = Main;
				INFOPLIST_KEY_UISupportedInterfaceOrientations_iPad = "UIInterfaceOrientationPortrait UIInterfaceOrientationPortraitUpsideDown UIInterfaceOrientationLandscapeLeft UIInterfaceOrientationLandscapeRight";
				INFOPLIST_KEY_UISupportedInterfaceOrientations_iPhone = "UIInterfaceOrientationPortrait UIInterfaceOrientationLandscapeLeft UIInterfaceOrientationLandscapeRight";
				LD_RUNPATH_SEARCH_PATHS = (
					"$(inherited)",
					"@executable_path/Frameworks",
				);
				MARKETING_VERSION = 1.0;
				PRODUCT_BUNDLE_IDENTIFIER = cinegriff.com.CineGriff;
				PRODUCT_NAME = "$(TARGET_NAME)";
				SWIFT_EMIT_LOC_STRINGS = YES;
				SWIFT_OPTIMIZATION_LEVEL = "-Onone";
				SWIFT_VERSION = 5.0;
				TARGETED_DEVICE_FAMILY = "1,2";
			};
			name = Debug;
		};
		B72A51572D01143800A9627B /* Release */ = {
			isa = XCBuildConfiguration;
			baseConfigurationReference = D03EAA80856FB3DE8C4AA5B7 /* Pods-CineGriff.release.xcconfig */;
			buildSettings = {
				ASSETCATALOG_COMPILER_APPICON_NAME = AppIcon;
				ASSETCATALOG_COMPILER_GLOBAL_ACCENT_COLOR_NAME = AccentColor;
				CLANG_ENABLE_MODULES = YES;
				CODE_SIGN_STYLE = Automatic;
				CURRENT_PROJECT_VERSION = 1;
				GENERATE_INFOPLIST_FILE = YES;
				INFOPLIST_FILE = CineGriff/Info.plist;
				INFOPLIST_KEY_UIApplicationSupportsIndirectInputEvents = YES;
				INFOPLIST_KEY_UILaunchStoryboardName = LaunchScreen;
				INFOPLIST_KEY_UIMainStoryboardFile = Main;
				INFOPLIST_KEY_UISupportedInterfaceOrientations_iPad = "UIInterfaceOrientationPortrait UIInterfaceOrientationPortraitUpsideDown UIInterfaceOrientationLandscapeLeft UIInterfaceOrientationLandscapeRight";
				INFOPLIST_KEY_UISupportedInterfaceOrientations_iPhone = "UIInterfaceOrientationPortrait UIInterfaceOrientationLandscapeLeft UIInterfaceOrientationLandscapeRight";
				LD_RUNPATH_SEARCH_PATHS = (
					"$(inherited)",
					"@executable_path/Frameworks",
				);
				MARKETING_VERSION = 1.0;
				PRODUCT_BUNDLE_IDENTIFIER = cinegriff.com.CineGriff;
				PRODUCT_NAME = "$(TARGET_NAME)";
				SWIFT_EMIT_LOC_STRINGS = YES;
				SWIFT_VERSION = 5.0;
				TARGETED_DEVICE_FAMILY = "1,2";
			};
			name = Release;
		};
/* End XCBuildConfiguration section */

/* Begin XCConfigurationList section */
		B72A51392D01143600A9627B /* Build configuration list for PBXProject "CineGriff" */ = {
			isa = XCConfigurationList;
			buildConfigurations = (
				B72A51532D01143800A9627B /* Debug */,
				B72A51542D01143800A9627B /* Release */,
			);
			defaultConfigurationIsVisible = 0;
			defaultConfigurationName = Release;
		};
		B72A51552D01143800A9627B /* Build configuration list for PBXNativeTarget "CineGriff" */ = {
			isa = XCConfigurationList;
			buildConfigurations = (
				B72A51562D01143800A9627B /* Debug */,
				B72A51572D01143800A9627B /* Release */,
			);
			defaultConfigurationIsVisible = 0;
			defaultConfigurationName = Release;
		};
/* End XCConfigurationList section */

/* Begin XCVersionGroup section */
		B72A514A2D01143600A9627B /* CineGriff.xcdatamodeld */ = {
			isa = XCVersionGroup;
			children = (
				B72A514B2D01143600A9627B /* CineGriff.xcdatamodel */,
			);
			currentVersion = B72A514B2D01143600A9627B /* CineGriff.xcdatamodel */;
			path = CineGriff.xcdatamodeld;
			sourceTree = "<group>";
			versionGroupType = wrapper.xcdatamodel;
		};
/* End XCVersionGroup section */
	};
	rootObject = B72A51362D01143600A9627B /* Project object */;
}
